
Microsoft Visual Studio Solution File, Format Version 12.00
# Visual Studio Version 17
VisualStudioVersion = 17.4.33205.214
MinimumVisualStudioVersion = 10.0.40219.1
Project("{F184B08F-C81C-45F6-A57F-5ABD9991F28F}") = "ColaMachine", "ColaMachine.vbproj", "{6C3201EF-E575-4E80-B2E1-1BF08C9150F0}"
EndProject
Global
	GlobalSection(SolutionConfigurationPlatforms) = preSolution
		Debug|Any CPU = Debug|Any CPU
		Release|Any CPU = Release|Any CPU
	EndGlobalSection
	GlobalSection(ProjectConfigurationPlatforms) = postSolution
		{6C3201EF-E575-4E80-B2E1-1BF08C9150F0}.Debug|Any CPU.ActiveCfg = Debug|Any CPU
		{6C3201EF-E575-4E80-B2E1-1BF08C9150F0}.Debug|Any CPU.Build.0 = Debug|Any CPU
		{6C3201EF-E575-4E80-B2E1-1BF08C9150F0}.Release|Any CPU.ActiveCfg = Release|Any CPU
		{6C3201EF-E575-4E80-B2E1-1BF08C9150F0}.Release|Any CPU.Build.0 = Release|Any CPU
	EndGlobalSection
	GlobalSection(SolutionProperties) = preSolution
		HideSolutionNode = FALSE
	EndGlobalSection
	GlobalSection(ExtensibilityGlobals) = postSolution
		SolutionGuid = {B9F9724C-2AA8-4A99-88FC-D538933290A9}
	EndGlobalSection
EndGlobal
